
Microsoft Visual Studio Solution File, Format Version 12.00
# Visual Studio Version 16
VisualStudioVersion = 16.0.29613.14
MinimumVisualStudioVersion = 10.0.40219.1
Project("{9A19103F-16F7-4668-BE54-9A1E7A4F7556}") = "DesignPattern", "DesignPattern.csproj", "{C06B27F3-E3A2-4F9F-9A1F-CC7ED661EDB8}"
EndProject
Global
	GlobalSection(SolutionConfigurationPlatforms) = preSolution
		Debug|Any CPU = Debug|Any CPU
		Release|Any CPU = Release|Any CPU
	EndGlobalSection
	GlobalSection(ProjectConfigurationPlatforms) = postSolution
		{C06B27F3-E3A2-4F9F-9A1F-CC7ED661EDB8}.Debug|Any CPU.ActiveCfg = Debug|Any CPU
		{C06B27F3-E3A2-4F9F-9A1F-CC7ED661EDB8}.Debug|Any CPU.Build.0 = Debug|Any CPU
		{C06B27F3-E3A2-4F9F-9A1F-CC7ED661EDB8}.Release|Any CPU.ActiveCfg = Release|Any CPU
		{C06B27F3-E3A2-4F9F-9A1F-CC7ED661EDB8}.Release|Any CPU.Build.0 = Release|Any CPU
	EndGlobalSection
	GlobalSection(SolutionProperties) = preSolution
		HideSolutionNode = FALSE
	EndGlobalSection
	GlobalSection(ExtensibilityGlobals) = postSolution
		SolutionGuid = {AD64CA8D-D4AA-44D7-9769-E4D2CA4EF7F9}
	EndGlobalSection
EndGlobal
