
Microsoft Visual Studio Solution File, Format Version 12.00
# Visual Studio Version 16
VisualStudioVersion = 16.0.29613.14
MinimumVisualStudioVersion = 10.0.40219.1
Project("{9A19103F-16F7-4668-BE54-9A1E7A4F7556}") = "basic", "basic.csproj", "{D00BE862-E080-4F8B-AC16-FEA35B942AE9}"
EndProject
Project("{9A19103F-16F7-4668-BE54-9A1E7A4F7556}") = "Functional", "..\Functional\Functional.csproj", "{C366E0C0-59DB-4708-827E-A37D68A623DB}"
EndProject
Project("{FAE04EC0-301F-11D3-BF4B-00C04F79EFBC}") = "Utility", "..\Utility\Utility.csproj", "{62D68702-F65F-4EAF-92C2-023188B4DC42}"
EndProject
Project("{FAE04EC0-301F-11D3-BF4B-00C04F79EFBC}") = "Logical", "..\Logical\Logical.csproj", "{BC03B8DB-3BC3-4EBE-94DE-57DB133589F6}"
EndProject
Project("{FAE04EC0-301F-11D3-BF4B-00C04F79EFBC}") = "Algorithm", "..\Algorithm\Algorithm.csproj", "{B526C831-11C2-4EAC-A309-934513B20C9D}"
EndProject
Project("{FAE04EC0-301F-11D3-BF4B-00C04F79EFBC}") = "JUnit", "..\JUnit\JUnit.csproj", "{4A3B845D-1048-499E-AB28-F2860041694B}"
EndProject
Global
	GlobalSection(SolutionConfigurationPlatforms) = preSolution
		Debug|Any CPU = Debug|Any CPU
		Release|Any CPU = Release|Any CPU
	EndGlobalSection
	GlobalSection(ProjectConfigurationPlatforms) = postSolution
		{D00BE862-E080-4F8B-AC16-FEA35B942AE9}.Debug|Any CPU.ActiveCfg = Debug|Any CPU
		{D00BE862-E080-4F8B-AC16-FEA35B942AE9}.Debug|Any CPU.Build.0 = Debug|Any CPU
		{D00BE862-E080-4F8B-AC16-FEA35B942AE9}.Release|Any CPU.ActiveCfg = Release|Any CPU
		{D00BE862-E080-4F8B-AC16-FEA35B942AE9}.Release|Any CPU.Build.0 = Release|Any CPU
		{C366E0C0-59DB-4708-827E-A37D68A623DB}.Debug|Any CPU.ActiveCfg = Debug|Any CPU
		{C366E0C0-59DB-4708-827E-A37D68A623DB}.Debug|Any CPU.Build.0 = Debug|Any CPU
		{C366E0C0-59DB-4708-827E-A37D68A623DB}.Release|Any CPU.ActiveCfg = Release|Any CPU
		{C366E0C0-59DB-4708-827E-A37D68A623DB}.Release|Any CPU.Build.0 = Release|Any CPU
		{62D68702-F65F-4EAF-92C2-023188B4DC42}.Debug|Any CPU.ActiveCfg = Debug|Any CPU
		{62D68702-F65F-4EAF-92C2-023188B4DC42}.Debug|Any CPU.Build.0 = Debug|Any CPU
		{62D68702-F65F-4EAF-92C2-023188B4DC42}.Release|Any CPU.ActiveCfg = Release|Any CPU
		{62D68702-F65F-4EAF-92C2-023188B4DC42}.Release|Any CPU.Build.0 = Release|Any CPU
		{BC03B8DB-3BC3-4EBE-94DE-57DB133589F6}.Debug|Any CPU.ActiveCfg = Debug|Any CPU
		{BC03B8DB-3BC3-4EBE-94DE-57DB133589F6}.Debug|Any CPU.Build.0 = Debug|Any CPU
		{BC03B8DB-3BC3-4EBE-94DE-57DB133589F6}.Release|Any CPU.ActiveCfg = Release|Any CPU
		{BC03B8DB-3BC3-4EBE-94DE-57DB133589F6}.Release|Any CPU.Build.0 = Release|Any CPU
		{B526C831-11C2-4EAC-A309-934513B20C9D}.Debug|Any CPU.ActiveCfg = Debug|Any CPU
		{B526C831-11C2-4EAC-A309-934513B20C9D}.Debug|Any CPU.Build.0 = Debug|Any CPU
		{B526C831-11C2-4EAC-A309-934513B20C9D}.Release|Any CPU.ActiveCfg = Release|Any CPU
		{B526C831-11C2-4EAC-A309-934513B20C9D}.Release|Any CPU.Build.0 = Release|Any CPU
		{4A3B845D-1048-499E-AB28-F2860041694B}.Debug|Any CPU.ActiveCfg = Debug|Any CPU
		{4A3B845D-1048-499E-AB28-F2860041694B}.Debug|Any CPU.Build.0 = Debug|Any CPU
		{4A3B845D-1048-499E-AB28-F2860041694B}.Release|Any CPU.ActiveCfg = Release|Any CPU
		{4A3B845D-1048-499E-AB28-F2860041694B}.Release|Any CPU.Build.0 = Release|Any CPU
	EndGlobalSection
	GlobalSection(SolutionProperties) = preSolution
		HideSolutionNode = FALSE
	EndGlobalSection
	GlobalSection(ExtensibilityGlobals) = postSolution
		SolutionGuid = {57205193-9AB3-410E-A50E-85861AA0F70A}
	EndGlobalSection
EndGlobal
